
Microsoft Visual Studio Solution File, Format Version 12.00
Project("{FAE04EC0-301F-11D3-BF4B-00C04F79EFBC}") = "Lending.Api", "src\Lending.Api\Lending.Api.csproj", "{29BA930F-96FC-4D08-9236-E0F9399A82CE}"
EndProject
Project("{FAE04EC0-301F-11D3-BF4B-00C04F79EFBC}") = "Access.Api", "src\Access.Api\Access.Api.csproj", "{FCDA9013-E6F8-41FA-988C-34AAD791A99F}"
EndProject
Project("{FAE04EC0-301F-11D3-BF4B-00C04F79EFBC}") = "Database.Migrations", "src\Database.Migrations\Database.Migrations.csproj", "{343E01F9-F38F-4AE5-B0D2-5D716C20AEE3}"
EndProject
Project("{FAE04EC0-301F-11D3-BF4B-00C04F79EFBC}") = "Database.Migrations.Tests", "tests\Database.Migrations.Tests\Database.Migrations.Tests.csproj", "{2AD65245-0C15-4873-AA93-EC8774C9C5BB}"
EndProject
Project("{FAE04EC0-301F-11D3-BF4B-00C04F79EFBC}") = "Shared.Vocabulary", "src\Shared.Vocabulary\Shared.Vocabulary.csproj", "{23727572-0A42-49B9-9C96-C01F6FB979E1}"
EndProject
Project("{FAE04EC0-301F-11D3-BF4B-00C04F79EFBC}") = "Shared.Vocabulary.Tests", "tests\Shared.Vocabulary.Tests\Shared.Vocabulary.Tests.csproj", "{110AE7BD-67FE-4084-A86C-810E43420A1E}"
EndProject
Project("{FAE04EC0-301F-11D3-BF4B-00C04F79EFBC}") = "Credit.Api", "src\Credit.Api\Credit.Api.csproj", "{7F1975C1-4BA2-48E4-9447-710174DA624D}"
EndProject
Global
	GlobalSection(SolutionConfigurationPlatforms) = preSolution
		Debug|Any CPU = Debug|Any CPU
		Release|Any CPU = Release|Any CPU
	EndGlobalSection
	GlobalSection(ProjectConfigurationPlatforms) = postSolution
		{29BA930F-96FC-4D08-9236-E0F9399A82CE}.Debug|Any CPU.ActiveCfg = Debug|Any CPU
		{29BA930F-96FC-4D08-9236-E0F9399A82CE}.Debug|Any CPU.Build.0 = Debug|Any CPU
		{29BA930F-96FC-4D08-9236-E0F9399A82CE}.Release|Any CPU.ActiveCfg = Release|Any CPU
		{29BA930F-96FC-4D08-9236-E0F9399A82CE}.Release|Any CPU.Build.0 = Release|Any CPU
		{FCDA9013-E6F8-41FA-988C-34AAD791A99F}.Debug|Any CPU.ActiveCfg = Debug|Any CPU
		{FCDA9013-E6F8-41FA-988C-34AAD791A99F}.Debug|Any CPU.Build.0 = Debug|Any CPU
		{FCDA9013-E6F8-41FA-988C-34AAD791A99F}.Release|Any CPU.ActiveCfg = Release|Any CPU
		{FCDA9013-E6F8-41FA-988C-34AAD791A99F}.Release|Any CPU.Build.0 = Release|Any CPU
		{343E01F9-F38F-4AE5-B0D2-5D716C20AEE3}.Debug|Any CPU.ActiveCfg = Debug|Any CPU
		{343E01F9-F38F-4AE5-B0D2-5D716C20AEE3}.Debug|Any CPU.Build.0 = Debug|Any CPU
		{343E01F9-F38F-4AE5-B0D2-5D716C20AEE3}.Release|Any CPU.ActiveCfg = Release|Any CPU
		{343E01F9-F38F-4AE5-B0D2-5D716C20AEE3}.Release|Any CPU.Build.0 = Release|Any CPU
		{2AD65245-0C15-4873-AA93-EC8774C9C5BB}.Debug|Any CPU.ActiveCfg = Debug|Any CPU
		{2AD65245-0C15-4873-AA93-EC8774C9C5BB}.Debug|Any CPU.Build.0 = Debug|Any CPU
		{2AD65245-0C15-4873-AA93-EC8774C9C5BB}.Release|Any CPU.ActiveCfg = Release|Any CPU
		{2AD65245-0C15-4873-AA93-EC8774C9C5BB}.Release|Any CPU.Build.0 = Release|Any CPU
		{23727572-0A42-49B9-9C96-C01F6FB979E1}.Debug|Any CPU.ActiveCfg = Debug|Any CPU
		{23727572-0A42-49B9-9C96-C01F6FB979E1}.Debug|Any CPU.Build.0 = Debug|Any CPU
		{23727572-0A42-49B9-9C96-C01F6FB979E1}.Release|Any CPU.ActiveCfg = Release|Any CPU
		{23727572-0A42-49B9-9C96-C01F6FB979E1}.Release|Any CPU.Build.0 = Release|Any CPU
		{110AE7BD-67FE-4084-A86C-810E43420A1E}.Debug|Any CPU.ActiveCfg = Debug|Any CPU
		{110AE7BD-67FE-4084-A86C-810E43420A1E}.Debug|Any CPU.Build.0 = Debug|Any CPU
		{110AE7BD-67FE-4084-A86C-810E43420A1E}.Release|Any CPU.ActiveCfg = Release|Any CPU
		{110AE7BD-67FE-4084-A86C-810E43420A1E}.Release|Any CPU.Build.0 = Release|Any CPU
		{7F1975C1-4BA2-48E4-9447-710174DA624D}.Debug|Any CPU.ActiveCfg = Debug|Any CPU
		{7F1975C1-4BA2-48E4-9447-710174DA624D}.Debug|Any CPU.Build.0 = Debug|Any CPU
		{7F1975C1-4BA2-48E4-9447-710174DA624D}.Release|Any CPU.ActiveCfg = Release|Any CPU
		{7F1975C1-4BA2-48E4-9447-710174DA624D}.Release|Any CPU.Build.0 = Release|Any CPU
	EndGlobalSection
EndGlobal
